<?xml version="1.0" encoding="utf-8"?>
<Project ToolsVersion="4.0" xmlns="http://schemas.microsoft.com/developer/msbuild/2003">
  <ItemGroup>
    <Filter Include="Source Files">
      <UniqueIdentifier>{4FC737F1-C7A5-4376-A066-2A32D752A2FF}</UniqueIdentifier>
      <Extensions>cpp;c;cc;cxx;def;odl;idl;hpj;bat;asm;asmx</Extensions>
    </Filter>
    <Filter Include="Source Files\Internal Header Files">
      <UniqueIdentifier>{7c62ea65-b6b0-493d-b1d3-78036c40536c}</UniqueIdentifier>
    </Filter>
    <Filter Include="Source Files\Internal Header Files\detail">
      <UniqueIdentifier>{fabcde09-abd0-47f0-850e-3a8906c7b987}</UniqueIdentifier>
    </Filter>
    <Filter Include="Source Files\facade">
      <UniqueIdentifier>{260ae4ce-7570-4341-a8e5-93fd01edf8b2}</UniqueIdentifier>
    </Filter>
    <Filter Include="Source Files\detail">
      <UniqueIdentifier>{19d3420d-c9f1-4ace-9622-a3f7be73d13b}</UniqueIdentifier>
    </Filter>
    <Filter Include="Source Files\Resource Files">
      <UniqueIdentifier>{5af16a15-f1dd-4ea8-900f-8c7e0731ea73}</UniqueIdentifier>
    </Filter>
    <Filter Include="Header Files">
      <UniqueIdentifier>{93995380-89BD-4b04-88EB-625FBE52EBFB}</UniqueIdentifier>
      <Extensions>h;hpp;hxx;hm;inl;inc;xsd</Extensions>
    </Filter>
    <Filter Include="Header Files\config">
      <UniqueIdentifier>{a8ee1278-adcc-4899-8bec-f1fe20314649}</UniqueIdentifier>
    </Filter>
    <Filter Include="Header Files\detail">
      <UniqueIdentifier>{c480f811-94bd-4483-bfbf-6b3ee67da4b8}</UniqueIdentifier>
    </Filter>
    <Filter Include="Header Files\facade">
      <UniqueIdentifier>{b66c47f2-6ff7-4a36-9f22-d2567b9763be}</UniqueIdentifier>
    </Filter>
  </ItemGroup>
  <ItemGroup>
    <ClCompile Include="..\..\src\basic.cpp">
      <Filter>Source Files</Filter>
    </ClCompile>
    <ClCompile Include="..\..\src\client.cpp">
      <Filter>Source Files</Filter>
    </ClCompile>
    <ClCompile Include="..\..\src\client_comm.cpp">
      <Filter>Source Files</Filter>
    </ClCompile>
    <ClCompile Include="..\..\src\comm.cpp">
      <Filter>Source Files</Filter>
    </ClCompile>
    <ClCompile Include="..\..\src\comm_container.cpp">
      <Filter>Source Files</Filter>
    </ClCompile>
    <ClCompile Include="..\..\src\config.cpp">
      <Filter>Source Files</Filter>
    </ClCompile>
    <ClCompile Include="..\..\src\dispatcher.cpp">
      <Filter>Source Files</Filter>
    </ClCompile>
    <ClCompile Include="..\..\src\helper.cpp">
      <Filter>Source Files</Filter>
    </ClCompile>
    <ClCompile Include="..\..\src\message_decoder_base.cpp">
      <Filter>Source Files</Filter>
    </ClCompile>
    <ClCompile Include="..\..\src\message_encoder_base.cpp">
      <Filter>Source Files</Filter>
    </ClCompile>
    <ClCompile Include="..\..\src\server.cpp">
      <Filter>Source Files</Filter>
    </ClCompile>
    <ClCompile Include="..\..\src\server_comm.cpp">
      <Filter>Source Files</Filter>
    </ClCompile>
    <ClCompile Include="..\..\src\session_base.cpp">
      <Filter>Source Files</Filter>
    </ClCompile>
    <ClCompile Include="..\..\src\facade\bin_message.cpp">
      <Filter>Source Files\facade</Filter>
    </ClCompile>
    <ClCompile Include="..\..\src\facade\bin_message_decoder.cpp">
      <Filter>Source Files\facade</Filter>
    </ClCompile>
    <ClCompile Include="..\..\src\facade\bin_message_encoder.cpp">
      <Filter>Source Files\facade</Filter>
    </ClCompile>
    <ClCompile Include="..\..\src\facade\config_loader.cpp">
      <Filter>Source Files\facade</Filter>
    </ClCompile>
    <ClCompile Include="..\..\src\facade\xml_message.cpp">
      <Filter>Source Files\facade</Filter>
    </ClCompile>
    <ClCompile Include="..\..\src\facade\xml_message_decoder.cpp">
      <Filter>Source Files\facade</Filter>
    </ClCompile>
    <ClCompile Include="..\..\src\facade\xml_message_encoder.cpp">
      <Filter>Source Files\facade</Filter>
    </ClCompile>
    <ClCompile Include="..\..\src\detail\helper_detail.cpp">
      <Filter>Source Files\detail</Filter>
    </ClCompile>
    <ClCompile Include="..\..\src\comm_buffer.cpp">
      <Filter>Source Files</Filter>
    </ClCompile>
  </ItemGroup>
  <ItemGroup>
    <ClInclude Include="..\..\src\include\detail\basic_detail.hpp">
      <Filter>Source Files\Internal Header Files\detail</Filter>
    </ClInclude>
    <ClInclude Include="..\..\include\unicomm\basic.hpp">
      <Filter>Header Files</Filter>
    </ClInclude>
    <ClInclude Include="..\..\include\unicomm\basic_session.hpp">
      <Filter>Header Files</Filter>
    </ClInclude>
    <ClInclude Include="..\..\include\unicomm\client.hpp">
      <Filter>Header Files</Filter>
    </ClInclude>
    <ClInclude Include="..\..\include\unicomm\client_comm.hpp">
      <Filter>Header Files</Filter>
    </ClInclude>
    <ClInclude Include="..\..\include\unicomm\comm.hpp">
      <Filter>Header Files</Filter>
    </ClInclude>
    <ClInclude Include="..\..\include\unicomm\comm_container.hpp">
      <Filter>Header Files</Filter>
    </ClInclude>
    <ClInclude Include="..\..\include\unicomm\config.hpp">
      <Filter>Header Files</Filter>
    </ClInclude>
    <ClInclude Include="..\..\include\unicomm\dispatcher.hpp">
      <Filter>Header Files</Filter>
    </ClInclude>
    <ClInclude Include="..\..\include\unicomm\handler_params.hpp">
      <Filter>Header Files</Filter>
    </ClInclude>
    <ClInclude Include="..\..\include\unicomm\handler_types.hpp">
      <Filter>Header Files</Filter>
    </ClInclude>
    <ClInclude Include="..\..\include\unicomm\helper.hpp">
      <Filter>Header Files</Filter>
    </ClInclude>
    <ClInclude Include="..\..\include\unicomm\message_base.hpp">
      <Filter>Header Files</Filter>
    </ClInclude>
    <ClInclude Include="..\..\include\unicomm\message_decoder_base.hpp">
      <Filter>Header Files</Filter>
    </ClInclude>
    <ClInclude Include="..\..\include\unicomm\message_encoder_base.hpp">
      <Filter>Header Files</Filter>
    </ClInclude>
    <ClInclude Include="..\..\include\unicomm\server.hpp">
      <Filter>Header Files</Filter>
    </ClInclude>
    <ClInclude Include="..\..\include\unicomm\server_comm.hpp">
      <Filter>Header Files</Filter>
    </ClInclude>
    <ClInclude Include="..\..\include\unicomm\session_base.hpp">
      <Filter>Header Files</Filter>
    </ClInclude>
    <ClInclude Include="..\..\include\unicomm\unicomm.hpp">
      <Filter>Header Files</Filter>
    </ClInclude>
    <ClInclude Include="..\..\include\unicomm\config\auto_link.hpp">
      <Filter>Header Files\config</Filter>
    </ClInclude>
    <ClInclude Include="..\..\include\unicomm\config\auto_sence.hpp">
      <Filter>Header Files\config</Filter>
    </ClInclude>
    <ClInclude Include="..\..\include\unicomm\detail\basic_detail.hpp">
      <Filter>Header Files\detail</Filter>
    </ClInclude>
    <ClInclude Include="..\..\include\unicomm\detail\helper_detail.hpp">
      <Filter>Header Files\detail</Filter>
    </ClInclude>
    <ClInclude Include="..\..\include\unicomm\facade\bin_message.hpp">
      <Filter>Header Files\facade</Filter>
    </ClInclude>
    <ClInclude Include="..\..\include\unicomm\facade\bin_message_decoder.hpp">
      <Filter>Header Files\facade</Filter>
    </ClInclude>
    <ClInclude Include="..\..\include\unicomm\facade\bin_message_encoder.hpp">
      <Filter>Header Files\facade</Filter>
    </ClInclude>
    <ClInclude Include="..\..\include\unicomm\facade\config_loader.hpp">
      <Filter>Header Files\facade</Filter>
    </ClInclude>
    <ClInclude Include="..\..\include\unicomm\facade\extended_session.hpp">
      <Filter>Header Files\facade</Filter>
    </ClInclude>
    <ClInclude Include="..\..\include\unicomm\facade\xml_message.hpp">
      <Filter>Header Files\facade</Filter>
    </ClInclude>
    <ClInclude Include="..\..\include\unicomm\facade\xml_message_decoder.hpp">
      <Filter>Header Files\facade</Filter>
    </ClInclude>
    <ClInclude Include="..\..\include\unicomm\facade\xml_message_encoder.hpp">
      <Filter>Header Files\facade</Filter>
    </ClInclude>
    <ClInclude Include="..\..\include\unicomm\comm_buffer.hpp">
      <Filter>Header Files</Filter>
    </ClInclude>
    <ClInclude Include="..\..\include\unicomm\except.hpp">
      <Filter>Header Files</Filter>
    </ClInclude>
  </ItemGroup>
  <ItemGroup>
    <ResourceCompile Include="..\..\src\unicomm.rc">
      <Filter>Source Files\Resource Files</Filter>
    </ResourceCompile>
  </ItemGroup>
  <ItemGroup>
    <None Include="..\..\include\unicomm\facade\extended_session.ipp">
      <Filter>Header Files\facade</Filter>
    </None>
  </ItemGroup>
</Project>