
Microsoft Visual Studio Solution File, Format Version 11.00
# Visual Studio 2010
Project("{2150E333-8FDC-42A3-9474-1A3956D46DE8}") = "samples", "samples", "{F49F86E9-F78C-484E-BF3A-6FCB26D4A93A}"
EndProject
Project("{2150E333-8FDC-42A3-9474-1A3956D46DE8}") = "smart", "smart", "{40DBDC15-444E-4680-A564-98CF6A6BDCE4}"
EndProject
Project("{8BC9CEB8-8B4A-11D0-8D11-00A0C91BC942}") = "http", "samples\http\http.vcxproj", "{6B08577C-CA9E-4224-B1C2-B5D390002E94}"
	ProjectSection(ProjectDependencies) = postProject
		{C1DE4291-7326-4574-BAB1-C334858376E4} = {C1DE4291-7326-4574-BAB1-C334858376E4}
	EndProjectSection
EndProject
Project("{8BC9CEB8-8B4A-11D0-8D11-00A0C91BC942}") = "echo", "samples\echo\echo.vcxproj", "{059BF471-EF05-4D0E-8202-C84C64B76EDC}"
	ProjectSection(ProjectDependencies) = postProject
		{C1DE4291-7326-4574-BAB1-C334858376E4} = {C1DE4291-7326-4574-BAB1-C334858376E4}
	EndProjectSection
EndProject
Project("{8BC9CEB8-8B4A-11D0-8D11-00A0C91BC942}") = "term", "samples\term\term.vcxproj", "{46C18602-35FE-4949-B426-741E154D975D}"
	ProjectSection(ProjectDependencies) = postProject
		{C1DE4291-7326-4574-BAB1-C334858376E4} = {C1DE4291-7326-4574-BAB1-C334858376E4}
	EndProjectSection
EndProject
Project("{8BC9CEB8-8B4A-11D0-8D11-00A0C91BC942}") = "unicomm", "unicomm.vcxproj", "{C1DE4291-7326-4574-BAB1-C334858376E4}"
	ProjectSection(ProjectDependencies) = postProject
		{ADC9D36A-455C-4DDC-9F42-052C2A68AF9B} = {ADC9D36A-455C-4DDC-9F42-052C2A68AF9B}
		{8C0BB97E-BDF7-4500-905D-0439A2E1EE90} = {8C0BB97E-BDF7-4500-905D-0439A2E1EE90}
	EndProjectSection
EndProject
Project("{8BC9CEB8-8B4A-11D0-8D11-00A0C91BC942}") = "data", "..\..\third_party\libsmart-1.01e\ide\msvc10\data\data.vcxproj", "{BA33D49B-C755-4B5F-85C6-E27F6194EA80}"
EndProject
Project("{8BC9CEB8-8B4A-11D0-8D11-00A0C91BC942}") = "debug_out", "..\..\third_party\libsmart-1.01e\ide\msvc10\debug_out\debug_out.vcxproj", "{ADC9D36A-455C-4DDC-9F42-052C2A68AF9B}"
EndProject
Project("{8BC9CEB8-8B4A-11D0-8D11-00A0C91BC942}") = "timers", "..\..\third_party\libsmart-1.01e\ide\msvc10\timers\timers.vcxproj", "{8C0BB97E-BDF7-4500-905D-0439A2E1EE90}"
EndProject
Global
	GlobalSection(SolutionConfigurationPlatforms) = preSolution
		Debug DLL|Win32 = Debug DLL|Win32
		Debug SSL DLL|Win32 = Debug SSL DLL|Win32
		Debug SSL|Win32 = Debug SSL|Win32
		Debug|Win32 = Debug|Win32
		Release DLL|Win32 = Release DLL|Win32
		Release SSL DLL|Win32 = Release SSL DLL|Win32
		Release SSL|Win32 = Release SSL|Win32
		Release|Win32 = Release|Win32
	EndGlobalSection
	GlobalSection(ProjectConfigurationPlatforms) = postSolution
		{6B08577C-CA9E-4224-B1C2-B5D390002E94}.Debug DLL|Win32.ActiveCfg = Debug DLL|Win32
		{6B08577C-CA9E-4224-B1C2-B5D390002E94}.Debug DLL|Win32.Build.0 = Debug DLL|Win32
		{6B08577C-CA9E-4224-B1C2-B5D390002E94}.Debug SSL DLL|Win32.ActiveCfg = Debug SSL DLL|Win32
		{6B08577C-CA9E-4224-B1C2-B5D390002E94}.Debug SSL DLL|Win32.Build.0 = Debug SSL DLL|Win32
		{6B08577C-CA9E-4224-B1C2-B5D390002E94}.Debug SSL|Win32.ActiveCfg = Debug SSL|Win32
		{6B08577C-CA9E-4224-B1C2-B5D390002E94}.Debug SSL|Win32.Build.0 = Debug SSL|Win32
		{6B08577C-CA9E-4224-B1C2-B5D390002E94}.Debug|Win32.ActiveCfg = Debug|Win32
		{6B08577C-CA9E-4224-B1C2-B5D390002E94}.Debug|Win32.Build.0 = Debug|Win32
		{6B08577C-CA9E-4224-B1C2-B5D390002E94}.Release DLL|Win32.ActiveCfg = Release DLL|Win32
		{6B08577C-CA9E-4224-B1C2-B5D390002E94}.Release DLL|Win32.Build.0 = Release DLL|Win32
		{6B08577C-CA9E-4224-B1C2-B5D390002E94}.Release SSL DLL|Win32.ActiveCfg = Release SSL DLL|Win32
		{6B08577C-CA9E-4224-B1C2-B5D390002E94}.Release SSL DLL|Win32.Build.0 = Release SSL DLL|Win32
		{6B08577C-CA9E-4224-B1C2-B5D390002E94}.Release SSL|Win32.ActiveCfg = Release SSL|Win32
		{6B08577C-CA9E-4224-B1C2-B5D390002E94}.Release SSL|Win32.Build.0 = Release SSL|Win32
		{6B08577C-CA9E-4224-B1C2-B5D390002E94}.Release|Win32.ActiveCfg = Release|Win32
		{6B08577C-CA9E-4224-B1C2-B5D390002E94}.Release|Win32.Build.0 = Release|Win32
		{059BF471-EF05-4D0E-8202-C84C64B76EDC}.Debug DLL|Win32.ActiveCfg = Debug DLL|Win32
		{059BF471-EF05-4D0E-8202-C84C64B76EDC}.Debug DLL|Win32.Build.0 = Debug DLL|Win32
		{059BF471-EF05-4D0E-8202-C84C64B76EDC}.Debug SSL DLL|Win32.ActiveCfg = Debug SSL DLL|Win32
		{059BF471-EF05-4D0E-8202-C84C64B76EDC}.Debug SSL DLL|Win32.Build.0 = Debug SSL DLL|Win32
		{059BF471-EF05-4D0E-8202-C84C64B76EDC}.Debug SSL|Win32.ActiveCfg = Debug SSL|Win32
		{059BF471-EF05-4D0E-8202-C84C64B76EDC}.Debug SSL|Win32.Build.0 = Debug SSL|Win32
		{059BF471-EF05-4D0E-8202-C84C64B76EDC}.Debug|Win32.ActiveCfg = Debug|Win32
		{059BF471-EF05-4D0E-8202-C84C64B76EDC}.Debug|Win32.Build.0 = Debug|Win32
		{059BF471-EF05-4D0E-8202-C84C64B76EDC}.Release DLL|Win32.ActiveCfg = Release DLL|Win32
		{059BF471-EF05-4D0E-8202-C84C64B76EDC}.Release DLL|Win32.Build.0 = Release DLL|Win32
		{059BF471-EF05-4D0E-8202-C84C64B76EDC}.Release SSL DLL|Win32.ActiveCfg = Release SSL DLL|Win32
		{059BF471-EF05-4D0E-8202-C84C64B76EDC}.Release SSL DLL|Win32.Build.0 = Release SSL DLL|Win32
		{059BF471-EF05-4D0E-8202-C84C64B76EDC}.Release SSL|Win32.ActiveCfg = Release SSL|Win32
		{059BF471-EF05-4D0E-8202-C84C64B76EDC}.Release SSL|Win32.Build.0 = Release SSL|Win32
		{059BF471-EF05-4D0E-8202-C84C64B76EDC}.Release|Win32.ActiveCfg = Release|Win32
		{059BF471-EF05-4D0E-8202-C84C64B76EDC}.Release|Win32.Build.0 = Release|Win32
		{46C18602-35FE-4949-B426-741E154D975D}.Debug DLL|Win32.ActiveCfg = Debug DLL|Win32
		{46C18602-35FE-4949-B426-741E154D975D}.Debug DLL|Win32.Build.0 = Debug DLL|Win32
		{46C18602-35FE-4949-B426-741E154D975D}.Debug SSL DLL|Win32.ActiveCfg = Debug SSL DLL|Win32
		{46C18602-35FE-4949-B426-741E154D975D}.Debug SSL DLL|Win32.Build.0 = Debug SSL DLL|Win32
		{46C18602-35FE-4949-B426-741E154D975D}.Debug SSL|Win32.ActiveCfg = Debug SSL|Win32
		{46C18602-35FE-4949-B426-741E154D975D}.Debug SSL|Win32.Build.0 = Debug SSL|Win32
		{46C18602-35FE-4949-B426-741E154D975D}.Debug|Win32.ActiveCfg = Debug|Win32
		{46C18602-35FE-4949-B426-741E154D975D}.Debug|Win32.Build.0 = Debug|Win32
		{46C18602-35FE-4949-B426-741E154D975D}.Release DLL|Win32.ActiveCfg = Release DLL|Win32
		{46C18602-35FE-4949-B426-741E154D975D}.Release DLL|Win32.Build.0 = Release DLL|Win32
		{46C18602-35FE-4949-B426-741E154D975D}.Release SSL DLL|Win32.ActiveCfg = Release SSL DLL|Win32
		{46C18602-35FE-4949-B426-741E154D975D}.Release SSL DLL|Win32.Build.0 = Release SSL DLL|Win32
		{46C18602-35FE-4949-B426-741E154D975D}.Release SSL|Win32.ActiveCfg = Release SSL|Win32
		{46C18602-35FE-4949-B426-741E154D975D}.Release SSL|Win32.Build.0 = Release SSL|Win32
		{46C18602-35FE-4949-B426-741E154D975D}.Release|Win32.ActiveCfg = Release|Win32
		{46C18602-35FE-4949-B426-741E154D975D}.Release|Win32.Build.0 = Release|Win32
		{C1DE4291-7326-4574-BAB1-C334858376E4}.Debug DLL|Win32.ActiveCfg = Debug DLL|Win32
		{C1DE4291-7326-4574-BAB1-C334858376E4}.Debug DLL|Win32.Build.0 = Debug DLL|Win32
		{C1DE4291-7326-4574-BAB1-C334858376E4}.Debug SSL DLL|Win32.ActiveCfg = Debug SSL DLL|Win32
		{C1DE4291-7326-4574-BAB1-C334858376E4}.Debug SSL DLL|Win32.Build.0 = Debug SSL DLL|Win32
		{C1DE4291-7326-4574-BAB1-C334858376E4}.Debug SSL|Win32.ActiveCfg = Debug SSL|Win32
		{C1DE4291-7326-4574-BAB1-C334858376E4}.Debug SSL|Win32.Build.0 = Debug SSL|Win32
		{C1DE4291-7326-4574-BAB1-C334858376E4}.Debug|Win32.ActiveCfg = Debug|Win32
		{C1DE4291-7326-4574-BAB1-C334858376E4}.Debug|Win32.Build.0 = Debug|Win32
		{C1DE4291-7326-4574-BAB1-C334858376E4}.Release DLL|Win32.ActiveCfg = Release DLL|Win32
		{C1DE4291-7326-4574-BAB1-C334858376E4}.Release DLL|Win32.Build.0 = Release DLL|Win32
		{C1DE4291-7326-4574-BAB1-C334858376E4}.Release SSL DLL|Win32.ActiveCfg = Release SSL DLL|Win32
		{C1DE4291-7326-4574-BAB1-C334858376E4}.Release SSL DLL|Win32.Build.0 = Release SSL DLL|Win32
		{C1DE4291-7326-4574-BAB1-C334858376E4}.Release SSL|Win32.ActiveCfg = Release SSL|Win32
		{C1DE4291-7326-4574-BAB1-C334858376E4}.Release SSL|Win32.Build.0 = Release SSL|Win32
		{C1DE4291-7326-4574-BAB1-C334858376E4}.Release|Win32.ActiveCfg = Release|Win32
		{C1DE4291-7326-4574-BAB1-C334858376E4}.Release|Win32.Build.0 = Release|Win32
		{BA33D49B-C755-4B5F-85C6-E27F6194EA80}.Debug DLL|Win32.ActiveCfg = Debug|Win32
		{BA33D49B-C755-4B5F-85C6-E27F6194EA80}.Debug DLL|Win32.Build.0 = Debug|Win32
		{BA33D49B-C755-4B5F-85C6-E27F6194EA80}.Debug SSL DLL|Win32.ActiveCfg = Debug|Win32
		{BA33D49B-C755-4B5F-85C6-E27F6194EA80}.Debug SSL DLL|Win32.Build.0 = Debug|Win32
		{BA33D49B-C755-4B5F-85C6-E27F6194EA80}.Debug SSL|Win32.ActiveCfg = Debug|Win32
		{BA33D49B-C755-4B5F-85C6-E27F6194EA80}.Debug SSL|Win32.Build.0 = Debug|Win32
		{BA33D49B-C755-4B5F-85C6-E27F6194EA80}.Debug|Win32.ActiveCfg = Debug|Win32
		{BA33D49B-C755-4B5F-85C6-E27F6194EA80}.Debug|Win32.Build.0 = Debug|Win32
		{BA33D49B-C755-4B5F-85C6-E27F6194EA80}.Release DLL|Win32.ActiveCfg = Release|Win32
		{BA33D49B-C755-4B5F-85C6-E27F6194EA80}.Release DLL|Win32.Build.0 = Release|Win32
		{BA33D49B-C755-4B5F-85C6-E27F6194EA80}.Release SSL DLL|Win32.ActiveCfg = Release|Win32
		{BA33D49B-C755-4B5F-85C6-E27F6194EA80}.Release SSL DLL|Win32.Build.0 = Release|Win32
		{BA33D49B-C755-4B5F-85C6-E27F6194EA80}.Release SSL|Win32.ActiveCfg = Release|Win32
		{BA33D49B-C755-4B5F-85C6-E27F6194EA80}.Release SSL|Win32.Build.0 = Release|Win32
		{BA33D49B-C755-4B5F-85C6-E27F6194EA80}.Release|Win32.ActiveCfg = Release|Win32
		{BA33D49B-C755-4B5F-85C6-E27F6194EA80}.Release|Win32.Build.0 = Release|Win32
		{ADC9D36A-455C-4DDC-9F42-052C2A68AF9B}.Debug DLL|Win32.ActiveCfg = Debug|Win32
		{ADC9D36A-455C-4DDC-9F42-052C2A68AF9B}.Debug DLL|Win32.Build.0 = Debug|Win32
		{ADC9D36A-455C-4DDC-9F42-052C2A68AF9B}.Debug SSL DLL|Win32.ActiveCfg = Debug|Win32
		{ADC9D36A-455C-4DDC-9F42-052C2A68AF9B}.Debug SSL DLL|Win32.Build.0 = Debug|Win32
		{ADC9D36A-455C-4DDC-9F42-052C2A68AF9B}.Debug SSL|Win32.ActiveCfg = Debug|Win32
		{ADC9D36A-455C-4DDC-9F42-052C2A68AF9B}.Debug SSL|Win32.Build.0 = Debug|Win32
		{ADC9D36A-455C-4DDC-9F42-052C2A68AF9B}.Debug|Win32.ActiveCfg = Debug|Win32
		{ADC9D36A-455C-4DDC-9F42-052C2A68AF9B}.Debug|Win32.Build.0 = Debug|Win32
		{ADC9D36A-455C-4DDC-9F42-052C2A68AF9B}.Release DLL|Win32.ActiveCfg = Release|Win32
		{ADC9D36A-455C-4DDC-9F42-052C2A68AF9B}.Release DLL|Win32.Build.0 = Release|Win32
		{ADC9D36A-455C-4DDC-9F42-052C2A68AF9B}.Release SSL DLL|Win32.ActiveCfg = Release|Win32
		{ADC9D36A-455C-4DDC-9F42-052C2A68AF9B}.Release SSL DLL|Win32.Build.0 = Release|Win32
		{ADC9D36A-455C-4DDC-9F42-052C2A68AF9B}.Release SSL|Win32.ActiveCfg = Release|Win32
		{ADC9D36A-455C-4DDC-9F42-052C2A68AF9B}.Release SSL|Win32.Build.0 = Release|Win32
		{ADC9D36A-455C-4DDC-9F42-052C2A68AF9B}.Release|Win32.ActiveCfg = Release|Win32
		{ADC9D36A-455C-4DDC-9F42-052C2A68AF9B}.Release|Win32.Build.0 = Release|Win32
		{8C0BB97E-BDF7-4500-905D-0439A2E1EE90}.Debug DLL|Win32.ActiveCfg = Debug|Win32
		{8C0BB97E-BDF7-4500-905D-0439A2E1EE90}.Debug DLL|Win32.Build.0 = Debug|Win32
		{8C0BB97E-BDF7-4500-905D-0439A2E1EE90}.Debug SSL DLL|Win32.ActiveCfg = Debug|Win32
		{8C0BB97E-BDF7-4500-905D-0439A2E1EE90}.Debug SSL DLL|Win32.Build.0 = Debug|Win32
		{8C0BB97E-BDF7-4500-905D-0439A2E1EE90}.Debug SSL|Win32.ActiveCfg = Debug|Win32
		{8C0BB97E-BDF7-4500-905D-0439A2E1EE90}.Debug SSL|Win32.Build.0 = Debug|Win32
		{8C0BB97E-BDF7-4500-905D-0439A2E1EE90}.Debug|Win32.ActiveCfg = Debug|Win32
		{8C0BB97E-BDF7-4500-905D-0439A2E1EE90}.Debug|Win32.Build.0 = Debug|Win32
		{8C0BB97E-BDF7-4500-905D-0439A2E1EE90}.Release DLL|Win32.ActiveCfg = Release|Win32
		{8C0BB97E-BDF7-4500-905D-0439A2E1EE90}.Release DLL|Win32.Build.0 = Release|Win32
		{8C0BB97E-BDF7-4500-905D-0439A2E1EE90}.Release SSL DLL|Win32.ActiveCfg = Release|Win32
		{8C0BB97E-BDF7-4500-905D-0439A2E1EE90}.Release SSL DLL|Win32.Build.0 = Release|Win32
		{8C0BB97E-BDF7-4500-905D-0439A2E1EE90}.Release SSL|Win32.ActiveCfg = Release|Win32
		{8C0BB97E-BDF7-4500-905D-0439A2E1EE90}.Release SSL|Win32.Build.0 = Release|Win32
		{8C0BB97E-BDF7-4500-905D-0439A2E1EE90}.Release|Win32.ActiveCfg = Release|Win32
		{8C0BB97E-BDF7-4500-905D-0439A2E1EE90}.Release|Win32.Build.0 = Release|Win32
	EndGlobalSection
	GlobalSection(SolutionProperties) = preSolution
		HideSolutionNode = FALSE
	EndGlobalSection
	GlobalSection(NestedProjects) = preSolution
		{6B08577C-CA9E-4224-B1C2-B5D390002E94} = {F49F86E9-F78C-484E-BF3A-6FCB26D4A93A}
		{059BF471-EF05-4D0E-8202-C84C64B76EDC} = {F49F86E9-F78C-484E-BF3A-6FCB26D4A93A}
		{46C18602-35FE-4949-B426-741E154D975D} = {F49F86E9-F78C-484E-BF3A-6FCB26D4A93A}
		{BA33D49B-C755-4B5F-85C6-E27F6194EA80} = {40DBDC15-444E-4680-A564-98CF6A6BDCE4}
		{ADC9D36A-455C-4DDC-9F42-052C2A68AF9B} = {40DBDC15-444E-4680-A564-98CF6A6BDCE4}
		{8C0BB97E-BDF7-4500-905D-0439A2E1EE90} = {40DBDC15-444E-4680-A564-98CF6A6BDCE4}
	EndGlobalSection
EndGlobal
